
Microsoft Visual Studio Solution File, Format Version 12.00
# Visual Studio Version 16
VisualStudioVersion = 16.0.31205.134
MinimumVisualStudioVersion = 10.0.40219.1
Project("{FAE04EC0-301F-11D3-BF4B-00C04F79EFBC}") = "WpfApp1", "WpfApp1\WpfApp1.csproj", "{92F99DC9-CD1D-4772-AFC6-882DDFBB9983}"
EndProject
Project("{FAE04EC0-301F-11D3-BF4B-00C04F79EFBC}") = "Lib", "ClassLibrary2\Lib.csproj", "{E76CB009-BC21-4F6B-BF29-D145B7EF0391}"
EndProject
Project("{FAE04EC0-301F-11D3-BF4B-00C04F79EFBC}") = "UserWindow", "UserWindow\UserWindow.csproj", "{ACA01C7F-DBB5-4707-AFF6-DEF3C412922B}"
EndProject
Project("{FAE04EC0-301F-11D3-BF4B-00C04F79EFBC}") = "Testing", "Testing\Testing.csproj", "{A7C90001-2EFC-43EF-B378-1139F9CD67D2}"
EndProject
Global
	GlobalSection(SolutionConfigurationPlatforms) = preSolution
		Debug|Any CPU = Debug|Any CPU
		Release|Any CPU = Release|Any CPU
	EndGlobalSection
	GlobalSection(ProjectConfigurationPlatforms) = postSolution
		{92F99DC9-CD1D-4772-AFC6-882DDFBB9983}.Debug|Any CPU.ActiveCfg = Debug|Any CPU
		{92F99DC9-CD1D-4772-AFC6-882DDFBB9983}.Debug|Any CPU.Build.0 = Debug|Any CPU
		{92F99DC9-CD1D-4772-AFC6-882DDFBB9983}.Release|Any CPU.ActiveCfg = Release|Any CPU
		{92F99DC9-CD1D-4772-AFC6-882DDFBB9983}.Release|Any CPU.Build.0 = Release|Any CPU
		{E76CB009-BC21-4F6B-BF29-D145B7EF0391}.Debug|Any CPU.ActiveCfg = Debug|Any CPU
		{E76CB009-BC21-4F6B-BF29-D145B7EF0391}.Debug|Any CPU.Build.0 = Debug|Any CPU
		{E76CB009-BC21-4F6B-BF29-D145B7EF0391}.Release|Any CPU.ActiveCfg = Release|Any CPU
		{E76CB009-BC21-4F6B-BF29-D145B7EF0391}.Release|Any CPU.Build.0 = Release|Any CPU
		{ACA01C7F-DBB5-4707-AFF6-DEF3C412922B}.Debug|Any CPU.ActiveCfg = Debug|Any CPU
		{ACA01C7F-DBB5-4707-AFF6-DEF3C412922B}.Debug|Any CPU.Build.0 = Debug|Any CPU
		{ACA01C7F-DBB5-4707-AFF6-DEF3C412922B}.Release|Any CPU.ActiveCfg = Release|Any CPU
		{ACA01C7F-DBB5-4707-AFF6-DEF3C412922B}.Release|Any CPU.Build.0 = Release|Any CPU
		{A7C90001-2EFC-43EF-B378-1139F9CD67D2}.Debug|Any CPU.ActiveCfg = Debug|Any CPU
		{A7C90001-2EFC-43EF-B378-1139F9CD67D2}.Debug|Any CPU.Build.0 = Debug|Any CPU
		{A7C90001-2EFC-43EF-B378-1139F9CD67D2}.Release|Any CPU.ActiveCfg = Release|Any CPU
		{A7C90001-2EFC-43EF-B378-1139F9CD67D2}.Release|Any CPU.Build.0 = Release|Any CPU
	EndGlobalSection
	GlobalSection(SolutionProperties) = preSolution
		HideSolutionNode = FALSE
	EndGlobalSection
	GlobalSection(ExtensibilityGlobals) = postSolution
		SolutionGuid = {B8E56B58-6533-47B4-B258-9D0D54A8EBF8}
	EndGlobalSection
EndGlobal
